
Microsoft Visual Studio Solution File, Format Version 12.00
# Visual Studio 15
VisualStudioVersion = 15.0.28010.2019
MinimumVisualStudioVersion = 10.0.40219.1
Project("{9A19103F-16F7-4668-BE54-9A1E7A4F7556}") = "AsyncDataAdapter", "AsyncDataAdapter\AsyncDataAdapter.csproj", "{0384745D-0E1D-4F87-A24E-2CF5762FAAB1}"
EndProject
Project("{FAE04EC0-301F-11D3-BF4B-00C04F79EFBC}") = "AsyncDataAdapter.Tests", "AsyncDataAdapter.Tests\AsyncDataAdapter.Tests.csproj", "{34B7E6F3-858A-489B-BDD0-45CC6EB62551}"
EndProject
Project("{2150E333-8FDC-42A3-9474-1A3956D46DE8}") = "Solution Items", "Solution Items", "{366B2040-653C-4536-86F6-7A8B8765D6AF}"
	ProjectSection(SolutionItems) = preProject
		.gitignore = .gitignore
		appveyor.yml = appveyor.yml
		AsyncDataAdapter.msbuild = AsyncDataAdapter.msbuild
		DbSetup.sql = DbSetup.sql
		LICENSE = LICENSE
		Properties.xml = Properties.xml
		README.md = README.md
	EndProjectSection
EndProject
Global
	GlobalSection(SolutionConfigurationPlatforms) = preSolution
		Debug|Any CPU = Debug|Any CPU
		Release|Any CPU = Release|Any CPU
	EndGlobalSection
	GlobalSection(ProjectConfigurationPlatforms) = postSolution
		{0384745D-0E1D-4F87-A24E-2CF5762FAAB1}.Debug|Any CPU.ActiveCfg = Debug|Any CPU
		{0384745D-0E1D-4F87-A24E-2CF5762FAAB1}.Debug|Any CPU.Build.0 = Debug|Any CPU
		{0384745D-0E1D-4F87-A24E-2CF5762FAAB1}.Release|Any CPU.ActiveCfg = Release|Any CPU
		{0384745D-0E1D-4F87-A24E-2CF5762FAAB1}.Release|Any CPU.Build.0 = Release|Any CPU
		{34B7E6F3-858A-489B-BDD0-45CC6EB62551}.Debug|Any CPU.ActiveCfg = Debug|Any CPU
		{34B7E6F3-858A-489B-BDD0-45CC6EB62551}.Debug|Any CPU.Build.0 = Debug|Any CPU
		{34B7E6F3-858A-489B-BDD0-45CC6EB62551}.Release|Any CPU.ActiveCfg = Release|Any CPU
		{34B7E6F3-858A-489B-BDD0-45CC6EB62551}.Release|Any CPU.Build.0 = Release|Any CPU
	EndGlobalSection
	GlobalSection(SolutionProperties) = preSolution
		HideSolutionNode = FALSE
	EndGlobalSection
	GlobalSection(ExtensibilityGlobals) = postSolution
		SolutionGuid = {ABB37006-C016-409A-88C0-B3E06924773D}
	EndGlobalSection
EndGlobal
